{
  "version": 1,
  "dependencies": {
    "net8.0": {
      "OpenTabletDriver.Plugin": {
        "type": "Direct",
        "requested": "[0.6.7, )",
        "resolved": "0.6.7",
        "contentHash": "jszqDn5QZzD9P1IB63rUo2x++KAGJ11ft+gX1KJq3T37BNNz9f/CjU/gxCuivlGHoPb9pyxijM/Ka0lCrxaC8Q==",
        "dependencies": {
          "JetBrains.Annotations": "2025.2.4",
          "Newtonsoft.Json": "13.0.4",
          "System.ComponentModel.Annotations": "5.0.0"
        }
      },
      "JetBrains.Annotations": {
        "type": "Transitive",
        "resolved": "2025.2.4",
        "contentHash": "TwbgxAkXxY+vNEhNVx/QXjJ4vqxmepOjsgRvvImQPbHkHMMb4W+ahL3laMsxXKtNT7iMy+E1B3xkqao2hf1n3A=="
      },
      "Newtonsoft.Json": {
        "type": "Transitive",
        "resolved": "13.0.4",
        "contentHash": "pdgNNMai3zv51W5aq268sujXUyx7SNdE2bj1wZcWjAQrKMFZV260lbqYop1d2GM67JI1huLRwxo9ZqnfF/lC6A=="
      },
      "System.ComponentModel.Annotations": {
        "type": "Transitive",
        "resolved": "5.0.0",
        "contentHash": "dMkqfy2el8A8/I76n2Hi1oBFEbG1SfxD2l5nhwXV3XjlnOmwxJlQbYpJH4W51odnU9sARCSAgv7S3CyAFMkpYg=="
      }
    }
  }
}